
Microsoft Visual Studio Solution File, Format Version 11.00
# Visual Studio 2010
Project("{FAE04EC0-301F-11D3-BF4B-00C04F79EFBC}") = "Car_Game", "Assembly-CSharp-firstpass.csproj", "{FCFC0DEA-0B80-277D-0897-000149561337}"
EndProject
Project("{FAE04EC0-301F-11D3-BF4B-00C04F79EFBC}") = "Car_Game", "Assembly-CSharp-Editor-firstpass.csproj", "{8626EBAE-6845-04F3-F1F0-2AE01D123429}"
EndProject
Global
	GlobalSection(SolutionConfigurationPlatforms) = preSolution
		Debug|Any CPU = Debug|Any CPU
		Release|Any CPU = Release|Any CPU
	EndGlobalSection
	GlobalSection(ProjectConfigurationPlatforms) = postSolution
		{FCFC0DEA-0B80-277D-0897-000149561337}.Debug|Any CPU.ActiveCfg = Debug|Any CPU
		{FCFC0DEA-0B80-277D-0897-000149561337}.Debug|Any CPU.Build.0 = Debug|Any CPU
		{FCFC0DEA-0B80-277D-0897-000149561337}.Release|Any CPU.ActiveCfg = Release|Any CPU
		{FCFC0DEA-0B80-277D-0897-000149561337}.Release|Any CPU.Build.0 = Release|Any CPU
		{8626EBAE-6845-04F3-F1F0-2AE01D123429}.Debug|Any CPU.ActiveCfg = Debug|Any CPU
		{8626EBAE-6845-04F3-F1F0-2AE01D123429}.Debug|Any CPU.Build.0 = Debug|Any CPU
		{8626EBAE-6845-04F3-F1F0-2AE01D123429}.Release|Any CPU.ActiveCfg = Release|Any CPU
		{8626EBAE-6845-04F3-F1F0-2AE01D123429}.Release|Any CPU.Build.0 = Release|Any CPU
	EndGlobalSection
	GlobalSection(SolutionProperties) = preSolution
		HideSolutionNode = FALSE
	EndGlobalSection
	GlobalSection(MonoDevelopProperties) = preSolution
		StartupItem = Assembly-CSharp.csproj
	EndGlobalSection
EndGlobal
